
Microsoft Visual Studio Solution File, Format Version 12.00
# Visual Studio Version 17
VisualStudioVersion = 17.3.32929.385
MinimumVisualStudioVersion = 10.0.40219.1
Project("{8BC9CEB8-8B4A-11D0-8D11-00A0C91BC942}") = "MultiplePersonBackgroundRemoval", "MultiplePersonBackgroundRemoval\MultiplePersonBackgroundRemoval.vcxproj", "{C48E74F7-AED6-421C-8270-EA8B510DA0F5}"
EndProject
Project("{2150E333-8FDC-42A3-9474-1A3956D46DE8}") = "Solution Items", "Solution Items", "{0069534A-2978-409E-8CFE-7C2686B9E852}"
	ProjectSection(SolutionItems) = preProject
		.gitignore = .gitignore
		README.md = README.md
	EndProjectSection
EndProject
Global
	GlobalSection(SolutionConfigurationPlatforms) = preSolution
		Debug|x64 = Debug|x64
		Release|x64 = Release|x64
	EndGlobalSection
	GlobalSection(ProjectConfigurationPlatforms) = postSolution
		{C48E74F7-AED6-421C-8270-EA8B510DA0F5}.Debug|x64.ActiveCfg = Debug|x64
		{C48E74F7-AED6-421C-8270-EA8B510DA0F5}.Debug|x64.Build.0 = Debug|x64
		{C48E74F7-AED6-421C-8270-EA8B510DA0F5}.Release|x64.ActiveCfg = Release|x64
		{C48E74F7-AED6-421C-8270-EA8B510DA0F5}.Release|x64.Build.0 = Release|x64
	EndGlobalSection
	GlobalSection(SolutionProperties) = preSolution
		HideSolutionNode = FALSE
	EndGlobalSection
	GlobalSection(ExtensibilityGlobals) = postSolution
		SolutionGuid = {B232A057-9ECF-46B1-AAD4-7172FB1609F5}
	EndGlobalSection
EndGlobal
